
Microsoft Visual Studio Solution File, Format Version 12.00
# Visual Studio 15
VisualStudioVersion = 15.0.28307.102
MinimumVisualStudioVersion = 10.0.40219.1
Project("{FAE04EC0-301F-11D3-BF4B-00C04F79EFBC}") = "20181201", "20181201\20181201.csproj", "{3390EE53-7D62-41FE-A03E-DC468FE90329}"
EndProject
Project("{2150E333-8FDC-42A3-9474-1A3956D46DE8}") = "Solution Items", "Solution Items", "{D0BFAAE5-A80B-47BE-887F-807965306200}"
	ProjectSection(SolutionItems) = preProject
		.gitignore = .gitignore
	EndProjectSection
EndProject
Project("{FAE04EC0-301F-11D3-BF4B-00C04F79EFBC}") = "20181201_Part_2", "20181201_Part_2\20181201_Part_2.csproj", "{BD85B8E2-EFFB-4448-94E6-DB123476EBDA}"
EndProject
Project("{FAE04EC0-301F-11D3-BF4B-00C04F79EFBC}") = "20181202_1", "20181202_1\20181202_1.csproj", "{1D419433-B9E1-4478-A480-320D740B2F28}"
EndProject
Project("{FAE04EC0-301F-11D3-BF4B-00C04F79EFBC}") = "20181202_2", "20181202_2\20181202_2.csproj", "{4D473EAB-EE81-44EE-955D-59689AE98FD6}"
EndProject
Project("{FAE04EC0-301F-11D3-BF4B-00C04F79EFBC}") = "20181203_1", "20181203_1\20181203_1.csproj", "{639BD327-4BF3-4294-AF26-3BA0EF1789E6}"
EndProject
Project("{FAE04EC0-301F-11D3-BF4B-00C04F79EFBC}") = "20181203_2", "20181203_2\20181203_2.csproj", "{D44CD7E7-7B2D-449D-ACE0-799C9528AAF1}"
EndProject
Project("{FAE04EC0-301F-11D3-BF4B-00C04F79EFBC}") = "20181204_1", "20181204_1\20181204_1.csproj", "{E1E76BC1-B811-4C61-A66B-73F6440CE726}"
EndProject
Project("{FAE04EC0-301F-11D3-BF4B-00C04F79EFBC}") = "20181204_2", "20181204_2\20181204_2.csproj", "{02E02D63-AD09-4629-9F98-52FFD36ADC45}"
EndProject
Project("{FAE04EC0-301F-11D3-BF4B-00C04F79EFBC}") = "20181205_1", "20181205_1\20181205_1.csproj", "{C509A57F-5B1E-4F4C-ACD9-460053AF4A77}"
EndProject
Project("{FAE04EC0-301F-11D3-BF4B-00C04F79EFBC}") = "20181205_2", "20181205_2\20181205_2.csproj", "{0DF5C1CF-AFF1-4B59-932A-304F51041F06}"
EndProject
Project("{FAE04EC0-301F-11D3-BF4B-00C04F79EFBC}") = "20181206_1", "20181206_1\20181206_1.csproj", "{FDFE4100-3A0D-48A9-BCC8-DAC52F849C00}"
EndProject
Global
	GlobalSection(SolutionConfigurationPlatforms) = preSolution
		Debug|Any CPU = Debug|Any CPU
		Release|Any CPU = Release|Any CPU
	EndGlobalSection
	GlobalSection(ProjectConfigurationPlatforms) = postSolution
		{3390EE53-7D62-41FE-A03E-DC468FE90329}.Debug|Any CPU.ActiveCfg = Debug|Any CPU
		{3390EE53-7D62-41FE-A03E-DC468FE90329}.Debug|Any CPU.Build.0 = Debug|Any CPU
		{3390EE53-7D62-41FE-A03E-DC468FE90329}.Release|Any CPU.ActiveCfg = Release|Any CPU
		{3390EE53-7D62-41FE-A03E-DC468FE90329}.Release|Any CPU.Build.0 = Release|Any CPU
		{BD85B8E2-EFFB-4448-94E6-DB123476EBDA}.Debug|Any CPU.ActiveCfg = Debug|Any CPU
		{BD85B8E2-EFFB-4448-94E6-DB123476EBDA}.Debug|Any CPU.Build.0 = Debug|Any CPU
		{BD85B8E2-EFFB-4448-94E6-DB123476EBDA}.Release|Any CPU.ActiveCfg = Release|Any CPU
		{BD85B8E2-EFFB-4448-94E6-DB123476EBDA}.Release|Any CPU.Build.0 = Release|Any CPU
		{1D419433-B9E1-4478-A480-320D740B2F28}.Debug|Any CPU.ActiveCfg = Debug|Any CPU
		{1D419433-B9E1-4478-A480-320D740B2F28}.Debug|Any CPU.Build.0 = Debug|Any CPU
		{1D419433-B9E1-4478-A480-320D740B2F28}.Release|Any CPU.ActiveCfg = Release|Any CPU
		{1D419433-B9E1-4478-A480-320D740B2F28}.Release|Any CPU.Build.0 = Release|Any CPU
		{4D473EAB-EE81-44EE-955D-59689AE98FD6}.Debug|Any CPU.ActiveCfg = Debug|Any CPU
		{4D473EAB-EE81-44EE-955D-59689AE98FD6}.Debug|Any CPU.Build.0 = Debug|Any CPU
		{4D473EAB-EE81-44EE-955D-59689AE98FD6}.Release|Any CPU.ActiveCfg = Release|Any CPU
		{4D473EAB-EE81-44EE-955D-59689AE98FD6}.Release|Any CPU.Build.0 = Release|Any CPU
		{639BD327-4BF3-4294-AF26-3BA0EF1789E6}.Debug|Any CPU.ActiveCfg = Debug|Any CPU
		{639BD327-4BF3-4294-AF26-3BA0EF1789E6}.Debug|Any CPU.Build.0 = Debug|Any CPU
		{639BD327-4BF3-4294-AF26-3BA0EF1789E6}.Release|Any CPU.ActiveCfg = Release|Any CPU
		{639BD327-4BF3-4294-AF26-3BA0EF1789E6}.Release|Any CPU.Build.0 = Release|Any CPU
		{D44CD7E7-7B2D-449D-ACE0-799C9528AAF1}.Debug|Any CPU.ActiveCfg = Debug|Any CPU
		{D44CD7E7-7B2D-449D-ACE0-799C9528AAF1}.Debug|Any CPU.Build.0 = Debug|Any CPU
		{D44CD7E7-7B2D-449D-ACE0-799C9528AAF1}.Release|Any CPU.ActiveCfg = Release|Any CPU
		{D44CD7E7-7B2D-449D-ACE0-799C9528AAF1}.Release|Any CPU.Build.0 = Release|Any CPU
		{E1E76BC1-B811-4C61-A66B-73F6440CE726}.Debug|Any CPU.ActiveCfg = Debug|Any CPU
		{E1E76BC1-B811-4C61-A66B-73F6440CE726}.Debug|Any CPU.Build.0 = Debug|Any CPU
		{E1E76BC1-B811-4C61-A66B-73F6440CE726}.Release|Any CPU.ActiveCfg = Release|Any CPU
		{E1E76BC1-B811-4C61-A66B-73F6440CE726}.Release|Any CPU.Build.0 = Release|Any CPU
		{02E02D63-AD09-4629-9F98-52FFD36ADC45}.Debug|Any CPU.ActiveCfg = Debug|Any CPU
		{02E02D63-AD09-4629-9F98-52FFD36ADC45}.Debug|Any CPU.Build.0 = Debug|Any CPU
		{02E02D63-AD09-4629-9F98-52FFD36ADC45}.Release|Any CPU.ActiveCfg = Release|Any CPU
		{02E02D63-AD09-4629-9F98-52FFD36ADC45}.Release|Any CPU.Build.0 = Release|Any CPU
		{C509A57F-5B1E-4F4C-ACD9-460053AF4A77}.Debug|Any CPU.ActiveCfg = Debug|Any CPU
		{C509A57F-5B1E-4F4C-ACD9-460053AF4A77}.Debug|Any CPU.Build.0 = Debug|Any CPU
		{C509A57F-5B1E-4F4C-ACD9-460053AF4A77}.Release|Any CPU.ActiveCfg = Release|Any CPU
		{C509A57F-5B1E-4F4C-ACD9-460053AF4A77}.Release|Any CPU.Build.0 = Release|Any CPU
		{0DF5C1CF-AFF1-4B59-932A-304F51041F06}.Debug|Any CPU.ActiveCfg = Debug|Any CPU
		{0DF5C1CF-AFF1-4B59-932A-304F51041F06}.Debug|Any CPU.Build.0 = Debug|Any CPU
		{0DF5C1CF-AFF1-4B59-932A-304F51041F06}.Release|Any CPU.ActiveCfg = Release|Any CPU
		{0DF5C1CF-AFF1-4B59-932A-304F51041F06}.Release|Any CPU.Build.0 = Release|Any CPU
		{FDFE4100-3A0D-48A9-BCC8-DAC52F849C00}.Debug|Any CPU.ActiveCfg = Debug|Any CPU
		{FDFE4100-3A0D-48A9-BCC8-DAC52F849C00}.Debug|Any CPU.Build.0 = Debug|Any CPU
		{FDFE4100-3A0D-48A9-BCC8-DAC52F849C00}.Release|Any CPU.ActiveCfg = Release|Any CPU
		{FDFE4100-3A0D-48A9-BCC8-DAC52F849C00}.Release|Any CPU.Build.0 = Release|Any CPU
	EndGlobalSection
	GlobalSection(SolutionProperties) = preSolution
		HideSolutionNode = FALSE
	EndGlobalSection
	GlobalSection(ExtensibilityGlobals) = postSolution
		SolutionGuid = {7BD964BE-610E-4B7A-9F3E-259410CBA4CE}
	EndGlobalSection
EndGlobal
